
Microsoft Visual Studio Solution File, Format Version 12.00
# Visual Studio 15
VisualStudioVersion = 15.0.27703.2042
MinimumVisualStudioVersion = 10.0.40219.1
Project("{FAE04EC0-301F-11D3-BF4B-00C04F79EFBC}") = "Wpftest", "Wpftest\Wpftest.csproj", "{B96C60CB-825A-43A6-8FD0-3BC027FDAF33}"
EndProject
Project("{FAE04EC0-301F-11D3-BF4B-00C04F79EFBC}") = "wpf.control", "wpf.control\wpf.control.csproj", "{3D24FE56-4B0A-40DC-AF27-2BEA1F814A8A}"
EndProject
Project("{FAE04EC0-301F-11D3-BF4B-00C04F79EFBC}") = "ModuleA", "ModuleA\ModuleA.csproj", "{6F459F49-F31D-457B-9F2B-B812631EDDDA}"
EndProject
Project("{FAE04EC0-301F-11D3-BF4B-00C04F79EFBC}") = "QuoteService", "QuoteService\QuoteService.csproj", "{7574D6D7-8DBD-4086-B8D6-71469C69088C}"
EndProject
Project("{FAE04EC0-301F-11D3-BF4B-00C04F79EFBC}") = "Model", "Model\Model.csproj", "{85F0A136-1290-43A0-86F0-F9D86DECBC62}"
EndProject
Project("{FAE04EC0-301F-11D3-BF4B-00C04F79EFBC}") = "Flash", "Flash\Flash.csproj", "{1B1EB843-E541-4EB4-9BFF-CE5D42C85DC3}"
EndProject
Project("{FAE04EC0-301F-11D3-BF4B-00C04F79EFBC}") = "FlashOrder", "FlashOrder\FlashOrder.csproj", "{7AFEF378-E98A-4838-BDD8-215EED113340}"
EndProject
Global
	GlobalSection(SolutionConfigurationPlatforms) = preSolution
		Debug|Any CPU = Debug|Any CPU
		Release|Any CPU = Release|Any CPU
	EndGlobalSection
	GlobalSection(ProjectConfigurationPlatforms) = postSolution
		{B96C60CB-825A-43A6-8FD0-3BC027FDAF33}.Debug|Any CPU.ActiveCfg = Debug|Any CPU
		{B96C60CB-825A-43A6-8FD0-3BC027FDAF33}.Debug|Any CPU.Build.0 = Debug|Any CPU
		{B96C60CB-825A-43A6-8FD0-3BC027FDAF33}.Release|Any CPU.ActiveCfg = Release|Any CPU
		{B96C60CB-825A-43A6-8FD0-3BC027FDAF33}.Release|Any CPU.Build.0 = Release|Any CPU
		{3D24FE56-4B0A-40DC-AF27-2BEA1F814A8A}.Debug|Any CPU.ActiveCfg = Debug|Any CPU
		{3D24FE56-4B0A-40DC-AF27-2BEA1F814A8A}.Debug|Any CPU.Build.0 = Debug|Any CPU
		{3D24FE56-4B0A-40DC-AF27-2BEA1F814A8A}.Release|Any CPU.ActiveCfg = Release|Any CPU
		{3D24FE56-4B0A-40DC-AF27-2BEA1F814A8A}.Release|Any CPU.Build.0 = Release|Any CPU
		{6F459F49-F31D-457B-9F2B-B812631EDDDA}.Debug|Any CPU.ActiveCfg = Debug|Any CPU
		{6F459F49-F31D-457B-9F2B-B812631EDDDA}.Debug|Any CPU.Build.0 = Debug|Any CPU
		{6F459F49-F31D-457B-9F2B-B812631EDDDA}.Release|Any CPU.ActiveCfg = Release|Any CPU
		{6F459F49-F31D-457B-9F2B-B812631EDDDA}.Release|Any CPU.Build.0 = Release|Any CPU
		{7574D6D7-8DBD-4086-B8D6-71469C69088C}.Debug|Any CPU.ActiveCfg = Debug|Any CPU
		{7574D6D7-8DBD-4086-B8D6-71469C69088C}.Debug|Any CPU.Build.0 = Debug|Any CPU
		{7574D6D7-8DBD-4086-B8D6-71469C69088C}.Release|Any CPU.ActiveCfg = Release|Any CPU
		{7574D6D7-8DBD-4086-B8D6-71469C69088C}.Release|Any CPU.Build.0 = Release|Any CPU
		{85F0A136-1290-43A0-86F0-F9D86DECBC62}.Debug|Any CPU.ActiveCfg = Debug|Any CPU
		{85F0A136-1290-43A0-86F0-F9D86DECBC62}.Debug|Any CPU.Build.0 = Debug|Any CPU
		{85F0A136-1290-43A0-86F0-F9D86DECBC62}.Release|Any CPU.ActiveCfg = Release|Any CPU
		{85F0A136-1290-43A0-86F0-F9D86DECBC62}.Release|Any CPU.Build.0 = Release|Any CPU
		{1B1EB843-E541-4EB4-9BFF-CE5D42C85DC3}.Debug|Any CPU.ActiveCfg = Debug|Any CPU
		{1B1EB843-E541-4EB4-9BFF-CE5D42C85DC3}.Debug|Any CPU.Build.0 = Debug|Any CPU
		{1B1EB843-E541-4EB4-9BFF-CE5D42C85DC3}.Release|Any CPU.ActiveCfg = Release|Any CPU
		{1B1EB843-E541-4EB4-9BFF-CE5D42C85DC3}.Release|Any CPU.Build.0 = Release|Any CPU
		{7AFEF378-E98A-4838-BDD8-215EED113340}.Debug|Any CPU.ActiveCfg = Debug|Any CPU
		{7AFEF378-E98A-4838-BDD8-215EED113340}.Debug|Any CPU.Build.0 = Debug|Any CPU
		{7AFEF378-E98A-4838-BDD8-215EED113340}.Release|Any CPU.ActiveCfg = Release|Any CPU
		{7AFEF378-E98A-4838-BDD8-215EED113340}.Release|Any CPU.Build.0 = Release|Any CPU
	EndGlobalSection
	GlobalSection(SolutionProperties) = preSolution
		HideSolutionNode = FALSE
	EndGlobalSection
	GlobalSection(ExtensibilityGlobals) = postSolution
		SolutionGuid = {7EA9DE8F-76A4-4266-8453-7A8B32758CA2}
	EndGlobalSection
EndGlobal
